%{
  "castore": {:hex, :castore, "1.0.15", "8aa930c890fe18b6fe0a0cff27b27d0d4d231867897bd23ea772dee561f032a3", [:mix], [], "hexpm", "96ce4c69d7d5d7a0761420ef743e2f4096253931a3ba69e5ff8ef1844fe446d3"},
  "jason": {:hex, :jason, "1.4.4", "b9226785a9aa77b6857ca22832cffa5d5011a667207eb2a0ad56adb5db443b8a", [:mix], [{:decimal, "~> 1.0 or ~> 2.0", [hex: :decimal, repo: "hexpm", optional: true]}], "hexpm", "c5eb0cab91f094599f94d55bc63409236a8ec69a21a67814529e8d5f6cc90b3b"},
  "rustler": {:hex, :rustler, "0.37.1", "721434020c7f6f8e1cdc57f44f75c490435b01de96384f8ccb96043f12e8a7e0", [:mix], [{:jason, "~> 1.0", [hex: :jason, repo: "hexpm", optional: false]}], "hexpm", "24547e9b8640cf00e6a2071acb710f3e12ce0346692e45098d84d45cdb54fd79"},
  "rustler_precompiled": {:hex, :rustler_precompiled, "0.8.3", "4e741024b0b097fe783add06e53ae9a6f23ddc78df1010f215df0c02915ef5a8", [:mix], [{:castore, "~> 0.1 or ~> 1.0", [hex: :castore, repo: "hexpm", optional: false]}, {:rustler, "~> 0.23", [hex: :rustler, repo: "hexpm", optional: true]}], "hexpm", "c23f5f33cb6608542de4d04faf0f0291458c352a4648e4d28d17ee1098cddcc4"},
}
